
Microsoft Visual Studio Solution File, Format Version 12.00
# Visual Studio Version 17
VisualStudioVersion = 17.0.32014.148
MinimumVisualStudioVersion = 10.0.40219.1
Project("{FAE04EC0-301F-11D3-BF4B-00C04F79EFBC}") = "MyCoreApp", "MyCoreApp.csproj", "{30205935-B2DF-4957-8B72-623539FB9057}"
EndProject
Global
	GlobalSection(SolutionConfigurationPlatforms) = preSolution
		Debug|Any CPU = Debug|Any CPU
		Release|Any CPU = Release|Any CPU
	EndGlobalSection
	GlobalSection(ProjectConfigurationPlatforms) = postSolution
		{30205935-B2DF-4957-8B72-623539FB9057}.Debug|Any CPU.ActiveCfg = Debug|Any CPU
		{30205935-B2DF-4957-8B72-623539FB9057}.Debug|Any CPU.Build.0 = Debug|Any CPU
		{30205935-B2DF-4957-8B72-623539FB9057}.Release|Any CPU.ActiveCfg = Release|Any CPU
		{30205935-B2DF-4957-8B72-623539FB9057}.Release|Any CPU.Build.0 = Release|Any CPU
	EndGlobalSection
	GlobalSection(SolutionProperties) = preSolution
		HideSolutionNode = FALSE
	EndGlobalSection
	GlobalSection(ExtensibilityGlobals) = postSolution
		SolutionGuid = {F10F2491-25B6-4D94-94F6-CD44411E3FB7}
	EndGlobalSection
EndGlobal
